
Microsoft Visual Studio Solution File, Format Version 12.00
# Visual Studio Version 16
VisualStudioVersion = 16.0.29709.97
MinimumVisualStudioVersion = 10.0.40219.1
Project("{FAE04EC0-301F-11D3-BF4B-00C04F79EFBC}") = "第8周_二叉树", "第8周_二叉树.csproj", "{A7931BBE-48E2-4CB3-AABD-8977343A8DFA}"
EndProject
Global
	GlobalSection(SolutionConfigurationPlatforms) = preSolution
		Debug|Any CPU = Debug|Any CPU
		Release|Any CPU = Release|Any CPU
	EndGlobalSection
	GlobalSection(ProjectConfigurationPlatforms) = postSolution
		{A7931BBE-48E2-4CB3-AABD-8977343A8DFA}.Debug|Any CPU.ActiveCfg = Debug|Any CPU
		{A7931BBE-48E2-4CB3-AABD-8977343A8DFA}.Debug|Any CPU.Build.0 = Debug|Any CPU
		{A7931BBE-48E2-4CB3-AABD-8977343A8DFA}.Release|Any CPU.ActiveCfg = Release|Any CPU
		{A7931BBE-48E2-4CB3-AABD-8977343A8DFA}.Release|Any CPU.Build.0 = Release|Any CPU
	EndGlobalSection
	GlobalSection(SolutionProperties) = preSolution
		HideSolutionNode = FALSE
	EndGlobalSection
	GlobalSection(ExtensibilityGlobals) = postSolution
		SolutionGuid = {5BE929AE-0E4C-479E-94C7-B52F1EE91350}
	EndGlobalSection
EndGlobal
